
Microsoft Visual Studio Solution File, Format Version 12.00
# Visual Studio Version 16
VisualStudioVersion = 16.0.33920.266
MinimumVisualStudioVersion = 10.0.40219.1
Project("{FAE04EC0-301F-11D3-BF4B-00C04F79EFBC}") = "ElectronicStoreMVC", "ElectronicStoreMVC\ElectronicStoreMVC.csproj", "{1DE698AC-8ACF-49F8-A2C5-07590FC6370C}"
EndProject
Global
	GlobalSection(SolutionConfigurationPlatforms) = preSolution
		Debug|Any CPU = Debug|Any CPU
		Release|Any CPU = Release|Any CPU
	EndGlobalSection
	GlobalSection(ProjectConfigurationPlatforms) = postSolution
		{1DE698AC-8ACF-49F8-A2C5-07590FC6370C}.Debug|Any CPU.ActiveCfg = Debug|Any CPU
		{1DE698AC-8ACF-49F8-A2C5-07590FC6370C}.Debug|Any CPU.Build.0 = Debug|Any CPU
		{1DE698AC-8ACF-49F8-A2C5-07590FC6370C}.Release|Any CPU.ActiveCfg = Release|Any CPU
		{1DE698AC-8ACF-49F8-A2C5-07590FC6370C}.Release|Any CPU.Build.0 = Release|Any CPU
	EndGlobalSection
	GlobalSection(SolutionProperties) = preSolution
		HideSolutionNode = FALSE
	EndGlobalSection
	GlobalSection(ExtensibilityGlobals) = postSolution
		SolutionGuid = {9F275ECB-CF7F-4FF4-9EBF-C4BCEFCAC6E5}
	EndGlobalSection
EndGlobal
